
Microsoft Visual Studio Solution File, Format Version 12.00
# Visual Studio 2013
VisualStudioVersion = 12.0.21005.1
MinimumVisualStudioVersion = 10.0.40219.1
Project("{FAE04EC0-301F-11D3-BF4B-00C04F79EFBC}") = "KeySounds.KeyCapture", "DT-Keysounds\KeySounds.KeyCapture.csproj", "{43293EE1-A817-44D9-A3F6-F998050EC2AD}"
EndProject
Project("{FAE04EC0-301F-11D3-BF4B-00C04F79EFBC}") = "KeySounds.UI", "KeySounds.UI\KeySounds.UI.csproj", "{E708C518-948A-45A8-93BF-527421E41BBB}"
EndProject
Global
	GlobalSection(SolutionConfigurationPlatforms) = preSolution
		Debug|Any CPU = Debug|Any CPU
		Release|Any CPU = Release|Any CPU
	EndGlobalSection
	GlobalSection(ProjectConfigurationPlatforms) = postSolution
		{43293EE1-A817-44D9-A3F6-F998050EC2AD}.Debug|Any CPU.ActiveCfg = Debug|Any CPU
		{43293EE1-A817-44D9-A3F6-F998050EC2AD}.Debug|Any CPU.Build.0 = Debug|Any CPU
		{43293EE1-A817-44D9-A3F6-F998050EC2AD}.Release|Any CPU.ActiveCfg = Release|Any CPU
		{43293EE1-A817-44D9-A3F6-F998050EC2AD}.Release|Any CPU.Build.0 = Release|Any CPU
		{E708C518-948A-45A8-93BF-527421E41BBB}.Debug|Any CPU.ActiveCfg = Debug|Any CPU
		{E708C518-948A-45A8-93BF-527421E41BBB}.Debug|Any CPU.Build.0 = Debug|Any CPU
		{E708C518-948A-45A8-93BF-527421E41BBB}.Release|Any CPU.ActiveCfg = Release|Any CPU
		{E708C518-948A-45A8-93BF-527421E41BBB}.Release|Any CPU.Build.0 = Release|Any CPU
	EndGlobalSection
	GlobalSection(SolutionProperties) = preSolution
		HideSolutionNode = FALSE
	EndGlobalSection
EndGlobal
